github.com/SENERGY-Platform/go-base-http-client v0.0.2 h1:sF4QDRkNjhnKQh6d8ujfxQRpeWzSTiBeYIK/aNWWOls=
github.com/SENERGY-Platform/go-base-http-client v0.0.2/go.mod h1:NfKW/relIVTkMXhz4OqZlzJXYPQUYEKxwqou8D0B/Kw=
github.com/SENERGY-Platform/mgw-go-service-base/srv-info-hdl/lib v0.0.3 h1:+yoS/vw24gobIpqKp/m1x/riO//Hh2Cp03VXlFuToK8=
github.com/SENERGY-Platform/mgw-go-service-base/srv-info-hdl/lib v0.0.3/go.mod h1:LVe27aJcwV4k0e4BjY6UBg62l6vyZ6BiB+zyR/4lAEE=
github.com/SENERGY-Platform/mgw-host-manager/lib v1.3.1 h1:3PyZnlEbxhgZ3riOfM7/gnBwMqaojXNlJox200yELZM=
github.com/SENERGY-Platform/mgw-host-manager/lib v1.3.1/go.mod h1:qqY35Q4HaV2rgw6BxcZFt+V4DV1ABBRah7HFeyI8wck=
