github.com/SENERGY-Platform/go-base-http-client v0.0.2 h1:sF4QDRkNjhnKQh6d8ujfxQRpeWzSTiBeYIK/aNWWOls=
github.com/SENERGY-Platform/go-base-http-client v0.0.2/go.mod h1:NfKW/relIVTkMXhz4OqZlzJXYPQUYEKxwqou8D0B/Kw=
github.com/SENERGY-Platform/go-service-base/srv-info-hdl/lib v0.0.2 h1:Bcdxt7i3DGGvlwS6U3NY9eGJjiPuv3ZpbMwebEUV+nE=
github.com/SENERGY-Platform/go-service-base/srv-info-hdl/lib v0.0.2/go.mod h1:vcvyLaSoZsScGQ8K/OuJxlANTs5FPozsLvPzFUZgiVM=
github.com/SENERGY-Platform/mgw-host-manager/lib v0.2.0 h1:jm2buM6UbiiQLoM+FSm7h9fJuD/fW6oba7ZuadDQVdU=
github.com/SENERGY-Platform/mgw-host-manager/lib v0.2.0/go.mod h1:SNd5TWoaX9xiEr0VHxMTK4X3GBvGQTdBtk2fbh65aBk=
